// !$*UTF8*$!
{
	archiveVersion = 1;
	classes = {
	};
	objectVersion = 56;
	objects = {

/* Begin PBXBuildFile section */
		841C519A2C3456A1008C2115 /* expensesApp.swift in Sources */ = {isa = PBXBuildFile; fileRef = 841C51992C3456A1008C2115 /* expensesApp.swift */; };
		841C519C2C3456A1008C2115 /* ContentView.swift in Sources */ = {isa = PBXBuildFile; fileRef = 841C519B2C3456A1008C2115 /* ContentView.swift */; };
		841C519E2C3456A1008C2115 /* Expense.swift in Sources */ = {isa = PBXBuildFile; fileRef = 841C519D2C3456A1008C2115 /* Expense.swift */; };
		841C51A02C3456A3008C2115 /* Assets.xcassets in Resources */ = {isa = PBXBuildFile; fileRef = 841C519F2C3456A3008C2115 /* Assets.xcassets */; };
		841C51A32C3456A3008C2115 /* Preview Assets.xcassets in Resources */ = {isa = PBXBuildFile; fileRef = 841C51A22C3456A3008C2115 /* Preview Assets.xcassets */; };
		841C51AD2C3456A3008C2115 /* expensesTests.swift in Sources */ = {isa = PBXBuildFile; fileRef = 841C51AC2C3456A3008C2115 /* expensesTests.swift */; };
		841C51B72C3456A3008C2115 /* expensesUITests.swift in Sources */ = {isa = PBXBuildFile; fileRef = 841C51B62C3456A3008C2115 /* expensesUITests.swift */; };
		841C51B92C3456A3008C2115 /* expensesUITestsLaunchTests.swift in Sources */ = {isa = PBXBuildFile; fileRef = 841C51B82C3456A3008C2115 /* expensesUITestsLaunchTests.swift */; };
		841C51C82C345783008C2115 /* ExpensesView.swift in Sources */ = {isa = PBXBuildFile; fileRef = 841C51C72C345783008C2115 /* ExpensesView.swift */; };
		841C51CA2C345881008C2115 /* ExpenseView.swift in Sources */ = {isa = PBXBuildFile; fileRef = 841C51C92C345881008C2115 /* ExpenseView.swift */; };
		841C51D12C346CD1008C2115 /* Preview.swift in Sources */ = {isa = PBXBuildFile; fileRef = 841C51D02C346CD1008C2115 /* Preview.swift */; };
		841F10CA2C3D2B7400892059 /* ExpensesStore.swift in Sources */ = {isa = PBXBuildFile; fileRef = 841F10C92C3D2B7400892059 /* ExpensesStore.swift */; };
		84380F7B2C391A05001E37D0 /* DataHandler.swift in Sources */ = {isa = PBXBuildFile; fileRef = 84380F7A2C391A05001E37D0 /* DataHandler.swift */; };
		84380F7E2C39464E001E37D0 /* DataProvider.swift in Sources */ = {isa = PBXBuildFile; fileRef = 84380F7D2C39464E001E37D0 /* DataProvider.swift */; };
		84380F802C3A6DCB001E37D0 /* ExpenseTypyView.swift in Sources */ = {isa = PBXBuildFile; fileRef = 84380F7F2C3A6DCB001E37D0 /* ExpenseTypyView.swift */; };
		84380F822C3BEC21001E37D0 /* DataHandlerTests.swift in Sources */ = {isa = PBXBuildFile; fileRef = 84380F812C3BEC21001E37D0 /* DataHandlerTests.swift */; };
		84380F842C3BF981001E37D0 /* CameraView.swift in Sources */ = {isa = PBXBuildFile; fileRef = 84380F832C3BF981001E37D0 /* CameraView.swift */; };
		84E7DEA32C480D550049C47D /* StateRestorationTypes.swift in Sources */ = {isa = PBXBuildFile; fileRef = 84E7DEA22C480D540049C47D /* StateRestorationTypes.swift */; };
/* End PBXBuildFile section */

/* Begin PBXContainerItemProxy section */
		841C51A92C3456A3008C2115 /* PBXContainerItemProxy */ = {
			isa = PBXContainerItemProxy;
			containerPortal = 841C518E2C3456A1008C2115 /* Project object */;
			proxyType = 1;
			remoteGlobalIDString = 841C51952C3456A1008C2115;
			remoteInfo = expenses;
		};
		841C51B32C3456A3008C2115 /* PBXContainerItemProxy */ = {
			isa = PBXContainerItemProxy;
			containerPortal = 841C518E2C3456A1008C2115 /* Project object */;
			proxyType = 1;
			remoteGlobalIDString = 841C51952C3456A1008C2115;
			remoteInfo = expenses;
		};
/* End PBXContainerItemProxy section */

/* Begin PBXFileReference section */
		841C51962C3456A1008C2115 /* expenses.app */ = {isa = PBXFileReference; explicitFileType = wrapper.application; includeInIndex = 0; path = expenses.app; sourceTree = BUILT_PRODUCTS_DIR; };
		841C51992C3456A1008C2115 /* expensesApp.swift */ = {isa = PBXFileReference; lastKnownFileType = sourcecode.swift; path = expensesApp.swift; sourceTree = "<group>"; };
		841C519B2C3456A1008C2115 /* ContentView.swift */ = {isa = PBXFileReference; lastKnownFileType = sourcecode.swift; path = ContentView.swift; sourceTree = "<group>"; };
		841C519D2C3456A1008C2115 /* Expense.swift */ = {isa = PBXFileReference; lastKnownFileType = sourcecode.swift; path = Expense.swift; sourceTree = "<group>"; };
		841C519F2C3456A3008C2115 /* Assets.xcassets */ = {isa = PBXFileReference; lastKnownFileType = folder.assetcatalog; path = Assets.xcassets; sourceTree = "<group>"; };
		841C51A22C3456A3008C2115 /* Preview Assets.xcassets */ = {isa = PBXFileReference; lastKnownFileType = folder.assetcatalog; path = "Preview Assets.xcassets"; sourceTree = "<group>"; };
		841C51A82C3456A3008C2115 /* expensesTests.xctest */ = {isa = PBXFileReference; explicitFileType = wrapper.cfbundle; includeInIndex = 0; path = expensesTests.xctest; sourceTree = BUILT_PRODUCTS_DIR; };
		841C51AC2C3456A3008C2115 /* expensesTests.swift */ = {isa = PBXFileReference; lastKnownFileType = sourcecode.swift; path = expensesTests.swift; sourceTree = "<group>"; };
		841C51B22C3456A3008C2115 /* expensesUITests.xctest */ = {isa = PBXFileReference; explicitFileType = wrapper.cfbundle; includeInIndex = 0; path = expensesUITests.xctest; sourceTree = BUILT_PRODUCTS_DIR; };
		841C51B62C3456A3008C2115 /* expensesUITests.swift */ = {isa = PBXFileReference; lastKnownFileType = sourcecode.swift; path = expensesUITests.swift; sourceTree = "<group>"; };
		841C51B82C3456A3008C2115 /* expensesUITestsLaunchTests.swift */ = {isa = PBXFileReference; lastKnownFileType = sourcecode.swift; path = expensesUITestsLaunchTests.swift; sourceTree = "<group>"; };
		841C51C72C345783008C2115 /* ExpensesView.swift */ = {isa = PBXFileReference; lastKnownFileType = sourcecode.swift; path = ExpensesView.swift; sourceTree = "<group>"; };
		841C51C92C345881008C2115 /* ExpenseView.swift */ = {isa = PBXFileReference; lastKnownFileType = sourcecode.swift; path = ExpenseView.swift; sourceTree = "<group>"; };
		841C51D02C346CD1008C2115 /* Preview.swift */ = {isa = PBXFileReference; lastKnownFileType = sourcecode.swift; path = Preview.swift; sourceTree = "<group>"; };
		841F10C92C3D2B7400892059 /* ExpensesStore.swift */ = {isa = PBXFileReference; lastKnownFileType = sourcecode.swift; path = ExpensesStore.swift; sourceTree = "<group>"; };
		84380F7A2C391A05001E37D0 /* DataHandler.swift */ = {isa = PBXFileReference; lastKnownFileType = sourcecode.swift; path = DataHandler.swift; sourceTree = "<group>"; };
		84380F7D2C39464E001E37D0 /* DataProvider.swift */ = {isa = PBXFileReference; lastKnownFileType = sourcecode.swift; path = DataProvider.swift; sourceTree = "<group>"; };
		84380F7F2C3A6DCB001E37D0 /* ExpenseTypyView.swift */ = {isa = PBXFileReference; lastKnownFileType = sourcecode.swift; path = ExpenseTypyView.swift; sourceTree = "<group>"; };
		84380F812C3BEC21001E37D0 /* DataHandlerTests.swift */ = {isa = PBXFileReference; lastKnownFileType = sourcecode.swift; path = DataHandlerTests.swift; sourceTree = "<group>"; };
		84380F832C3BF981001E37D0 /* CameraView.swift */ = {isa = PBXFileReference; lastKnownFileType = sourcecode.swift; path = CameraView.swift; sourceTree = "<group>"; };
		84E7DEA22C480D540049C47D /* StateRestorationTypes.swift */ = {isa = PBXFileReference; lastKnownFileType = sourcecode.swift; path = StateRestorationTypes.swift; sourceTree = "<group>"; };
/* End PBXFileReference section */

/* Begin PBXFrameworksBuildPhase section */
		841C51932C3456A1008C2115 /* Frameworks */ = {
			isa = PBXFrameworksBuildPhase;
			buildActionMask = 2147483647;
			files = (
			);
			runOnlyForDeploymentPostprocessing = 0;
		};
		841C51A52C3456A3008C2115 /* Frameworks */ = {
			isa = PBXFrameworksBuildPhase;
			buildActionMask = 2147483647;
			files = (
			);
			runOnlyForDeploymentPostprocessing = 0;
		};
		841C51AF2C3456A3008C2115 /* Frameworks */ = {
			isa = PBXFrameworksBuildPhase;
			buildActionMask = 2147483647;
			files = (
			);
			runOnlyForDeploymentPostprocessing = 0;
		};
/* End PBXFrameworksBuildPhase section */

/* Begin PBXGroup section */
		841C518D2C3456A1008C2115 = {
			isa = PBXGroup;
			children = (
				841C51982C3456A1008C2115 /* expenses */,
				841C51AB2C3456A3008C2115 /* expensesTests */,
				841C51B52C3456A3008C2115 /* expensesUITests */,
				841C51972C3456A1008C2115 /* Products */,
			);
			sourceTree = "<group>";
		};
		841C51972C3456A1008C2115 /* Products */ = {
			isa = PBXGroup;
			children = (
				841C51962C3456A1008C2115 /* expenses.app */,
				841C51A82C3456A3008C2115 /* expensesTests.xctest */,
				841C51B22C3456A3008C2115 /* expensesUITests.xctest */,
			);
			name = Products;
			sourceTree = "<group>";
		};
		841C51982C3456A1008C2115 /* expenses */ = {
			isa = PBXGroup;
			children = (
				84380F7C2C391A0F001E37D0 /* DataProvider */,
				841C51CF2C346C85008C2115 /* Helpers */,
				841C51C52C3456A9008C2115 /* Views */,
				841C51992C3456A1008C2115 /* expensesApp.swift */,
				841C519F2C3456A3008C2115 /* Assets.xcassets */,
				841C51A12C3456A3008C2115 /* Preview Content */,
			);
			path = expenses;
			sourceTree = "<group>";
		};
		841C51A12C3456A3008C2115 /* Preview Content */ = {
			isa = PBXGroup;
			children = (
				841C51A22C3456A3008C2115 /* Preview Assets.xcassets */,
			);
			path = "Preview Content";
			sourceTree = "<group>";
		};
		841C51AB2C3456A3008C2115 /* expensesTests */ = {
			isa = PBXGroup;
			children = (
				841C51AC2C3456A3008C2115 /* expensesTests.swift */,
				84380F812C3BEC21001E37D0 /* DataHandlerTests.swift */,
			);
			path = expensesTests;
			sourceTree = "<group>";
		};
		841C51B52C3456A3008C2115 /* expensesUITests */ = {
			isa = PBXGroup;
			children = (
				841C51B62C3456A3008C2115 /* expensesUITests.swift */,
				841C51B82C3456A3008C2115 /* expensesUITestsLaunchTests.swift */,
			);
			path = expensesUITests;
			sourceTree = "<group>";
		};
		841C51C52C3456A9008C2115 /* Views */ = {
			isa = PBXGroup;
			children = (
				841C519B2C3456A1008C2115 /* ContentView.swift */,
				841C51C72C345783008C2115 /* ExpensesView.swift */,
				841C51C92C345881008C2115 /* ExpenseView.swift */,
				84380F7F2C3A6DCB001E37D0 /* ExpenseTypyView.swift */,
				84380F832C3BF981001E37D0 /* CameraView.swift */,
			);
			path = Views;
			sourceTree = "<group>";
		};
		841C51C62C3456B6008C2115 /* Model */ = {
			isa = PBXGroup;
			children = (
				841C519D2C3456A1008C2115 /* Expense.swift */,
				841F10C92C3D2B7400892059 /* ExpensesStore.swift */,
			);
			path = Model;
			sourceTree = "<group>";
		};
		841C51CF2C346C85008C2115 /* Helpers */ = {
			isa = PBXGroup;
			children = (
				841C51D02C346CD1008C2115 /* Preview.swift */,
				84E7DEA22C480D540049C47D /* StateRestorationTypes.swift */,
			);
			path = Helpers;
			sourceTree = "<group>";
		};
		84380F7C2C391A0F001E37D0 /* DataProvider */ = {
			isa = PBXGroup;
			children = (
				84380F7A2C391A05001E37D0 /* DataHandler.swift */,
				841C51C62C3456B6008C2115 /* Model */,
				84380F7D2C39464E001E37D0 /* DataProvider.swift */,
			);
			path = DataProvider;
			sourceTree = "<group>";
		};
/* End PBXGroup section */

/* Begin PBXNativeTarget section */
		841C51952C3456A1008C2115 /* expenses */ = {
			isa = PBXNativeTarget;
			buildConfigurationList = 841C51BC2C3456A3008C2115 /* Build configuration list for PBXNativeTarget "expenses" */;
			buildPhases = (
				841C51922C3456A1008C2115 /* Sources */,
				841C51932C3456A1008C2115 /* Frameworks */,
				841C51942C3456A1008C2115 /* Resources */,
			);
			buildRules = (
			);
			dependencies = (
			);
			name = expenses;
			productName = expenses;
			productReference = 841C51962C3456A1008C2115 /* expenses.app */;
			productType = "com.apple.product-type.application";
		};
		841C51A72C3456A3008C2115 /* expensesTests */ = {
			isa = PBXNativeTarget;
			buildConfigurationList = 841C51BF2C3456A3008C2115 /* Build configuration list for PBXNativeTarget "expensesTests" */;
			buildPhases = (
				841C51A42C3456A3008C2115 /* Sources */,
				841C51A52C3456A3008C2115 /* Frameworks */,
				841C51A62C3456A3008C2115 /* Resources */,
			);
			buildRules = (
			);
			dependencies = (
				841C51AA2C3456A3008C2115 /* PBXTargetDependency */,
			);
			name = expensesTests;
			productName = expensesTests;
			productReference = 841C51A82C3456A3008C2115 /* expensesTests.xctest */;
			productType = "com.apple.product-type.bundle.unit-test";
		};
		841C51B12C3456A3008C2115 /* expensesUITests */ = {
			isa = PBXNativeTarget;
			buildConfigurationList = 841C51C22C3456A3008C2115 /* Build configuration list for PBXNativeTarget "expensesUITests" */;
			buildPhases = (
				841C51AE2C3456A3008C2115 /* Sources */,
				841C51AF2C3456A3008C2115 /* Frameworks */,
				841C51B02C3456A3008C2115 /* Resources */,
			);
			buildRules = (
			);
			dependencies = (
				841C51B42C3456A3008C2115 /* PBXTargetDependency */,
			);
			name = expensesUITests;
			productName = expensesUITests;
			productReference = 841C51B22C3456A3008C2115 /* expensesUITests.xctest */;
			productType = "com.apple.product-type.bundle.ui-testing";
		};
/* End PBXNativeTarget section */

/* Begin PBXProject section */
		841C518E2C3456A1008C2115 /* Project object */ = {
			isa = PBXProject;
			attributes = {
				BuildIndependentTargetsInParallel = 1;
				LastSwiftUpdateCheck = 1530;
				LastUpgradeCheck = 1530;
				TargetAttributes = {
					841C51952C3456A1008C2115 = {
						CreatedOnToolsVersion = 15.3;
					};
					841C51A72C3456A3008C2115 = {
						CreatedOnToolsVersion = 15.3;
						TestTargetID = 841C51952C3456A1008C2115;
					};
					841C51B12C3456A3008C2115 = {
						CreatedOnToolsVersion = 15.3;
						TestTargetID = 841C51952C3456A1008C2115;
					};
				};
			};
			buildConfigurationList = 841C51912C3456A1008C2115 /* Build configuration list for PBXProject "expenses" */;
			compatibilityVersion = "Xcode 14.0";
			developmentRegion = en;
			hasScannedForEncodings = 0;
			knownRegions = (
				en,
				Base,
			);
			mainGroup = 841C518D2C3456A1008C2115;
			productRefGroup = 841C51972C3456A1008C2115 /* Products */;
			projectDirPath = "";
			projectRoot = "";
			targets = (
				841C51952C3456A1008C2115 /* expenses */,
				841C51A72C3456A3008C2115 /* expensesTests */,
				841C51B12C3456A3008C2115 /* expensesUITests */,
			);
		};
/* End PBXProject section */

/* Begin PBXResourcesBuildPhase section */
		841C51942C3456A1008C2115 /* Resources */ = {
			isa = PBXResourcesBuildPhase;
			buildActionMask = 2147483647;
			files = (
				841C51A32C3456A3008C2115 /* Preview Assets.xcassets in Resources */,
				841C51A02C3456A3008C2115 /* Assets.xcassets in Resources */,
			);
			runOnlyForDeploymentPostprocessing = 0;
		};
		841C51A62C3456A3008C2115 /* Resources */ = {
			isa = PBXResourcesBuildPhase;
			buildActionMask = 2147483647;
			files = (
			);
			runOnlyForDeploymentPostprocessing = 0;
		};
		841C51B02C3456A3008C2115 /* Resources */ = {
			isa = PBXResourcesBuildPhase;
			buildActionMask = 2147483647;
			files = (
			);
			runOnlyForDeploymentPostprocessing = 0;
		};
/* End PBXResourcesBuildPhase section */

/* Begin PBXSourcesBuildPhase section */
		841C51922C3456A1008C2115 /* Sources */ = {
			isa = PBXSourcesBuildPhase;
			buildActionMask = 2147483647;
			files = (
				841F10CA2C3D2B7400892059 /* ExpensesStore.swift in Sources */,
				841C519C2C3456A1008C2115 /* ContentView.swift in Sources */,
				84380F7B2C391A05001E37D0 /* DataHandler.swift in Sources */,
				84380F7E2C39464E001E37D0 /* DataProvider.swift in Sources */,
				84380F842C3BF981001E37D0 /* CameraView.swift in Sources */,
				841C51CA2C345881008C2115 /* ExpenseView.swift in Sources */,
				841C519E2C3456A1008C2115 /* Expense.swift in Sources */,
				841C51D12C346CD1008C2115 /* Preview.swift in Sources */,
				84380F802C3A6DCB001E37D0 /* ExpenseTypyView.swift in Sources */,
				84E7DEA32C480D550049C47D /* StateRestorationTypes.swift in Sources */,
				841C519A2C3456A1008C2115 /* expensesApp.swift in Sources */,
				841C51C82C345783008C2115 /* ExpensesView.swift in Sources */,
			);
			runOnlyForDeploymentPostprocessing = 0;
		};
		841C51A42C3456A3008C2115 /* Sources */ = {
			isa = PBXSourcesBuildPhase;
			buildActionMask = 2147483647;
			files = (
				84380F822C3BEC21001E37D0 /* DataHandlerTests.swift in Sources */,
				841C51AD2C3456A3008C2115 /* expensesTests.swift in Sources */,
			);
			runOnlyForDeploymentPostprocessing = 0;
		};
		841C51AE2C3456A3008C2115 /* Sources */ = {
			isa = PBXSourcesBuildPhase;
			buildActionMask = 2147483647;
			files = (
				841C51B92C3456A3008C2115 /* expensesUITestsLaunchTests.swift in Sources */,
				841C51B72C3456A3008C2115 /* expensesUITests.swift in Sources */,
			);
			runOnlyForDeploymentPostprocessing = 0;
		};
/* End PBXSourcesBuildPhase section */

/* Begin PBXTargetDependency section */
		841C51AA2C3456A3008C2115 /* PBXTargetDependency */ = {
			isa = PBXTargetDependency;
			target = 841C51952C3456A1008C2115 /* expenses */;
			targetProxy = 841C51A92C3456A3008C2115 /* PBXContainerItemProxy */;
		};
		841C51B42C3456A3008C2115 /* PBXTargetDependency */ = {
			isa = PBXTargetDependency;
			target = 841C51952C3456A1008C2115 /* expenses */;
			targetProxy = 841C51B32C3456A3008C2115 /* PBXContainerItemProxy */;
		};
/* End PBXTargetDependency section */

/* Begin XCBuildConfiguration section */
		841C51BA2C3456A3008C2115 /* Debug */ = {
			isa = XCBuildConfiguration;
			buildSettings = {
				ALWAYS_SEARCH_USER_PATHS = NO;
				ASSETCATALOG_COMPILER_GENERATE_SWIFT_ASSET_SYMBOL_EXTENSIONS = YES;
				CLANG_ANALYZER_NONNULL = YES;
				CLANG_ANALYZER_NUMBER_OBJECT_CONVERSION = YES_AGGRESSIVE;
				CLANG_CXX_LANGUAGE_STANDARD = "gnu++20";
				CLANG_ENABLE_MODULES = YES;
				CLANG_ENABLE_OBJC_ARC = YES;
				CLANG_ENABLE_OBJC_WEAK = YES;
				CLANG_WARN_BLOCK_CAPTURE_AUTORELEASING = YES;
				CLANG_WARN_BOOL_CONVERSION = YES;
				CLANG_WARN_COMMA = YES;
				CLANG_WARN_CONSTANT_CONVERSION = YES;
				CLANG_WARN_DEPRECATED_OBJC_IMPLEMENTATIONS = YES;
				CLANG_WARN_DIRECT_OBJC_ISA_USAGE = YES_ERROR;
				CLANG_WARN_DOCUMENTATION_COMMENTS = YES;
				CLANG_WARN_EMPTY_BODY = YES;
				CLANG_WARN_ENUM_CONVERSION = YES;
				CLANG_WARN_INFINITE_RECURSION = YES;
				CLANG_WARN_INT_CONVERSION = YES;
				CLANG_WARN_NON_LITERAL_NULL_CONVERSION = YES;
				CLANG_WARN_OBJC_IMPLICIT_RETAIN_SELF = YES;
				CLANG_WARN_OBJC_LITERAL_CONVERSION = YES;
				CLANG_WARN_OBJC_ROOT_CLASS = YES_ERROR;
				CLANG_WARN_QUOTED_INCLUDE_IN_FRAMEWORK_HEADER = YES;
				CLANG_WARN_RANGE_LOOP_ANALYSIS = YES;
				CLANG_WARN_STRICT_PROTOTYPES = YES;
				CLANG_WARN_SUSPICIOUS_MOVE = YES;
				CLANG_WARN_UNGUARDED_AVAILABILITY = YES_AGGRESSIVE;
				CLANG_WARN_UNREACHABLE_CODE = YES;
				CLANG_WARN__DUPLICATE_METHOD_MATCH = YES;
				COPY_PHASE_STRIP = NO;
				DEBUG_INFORMATION_FORMAT = dwarf;
				ENABLE_STRICT_OBJC_MSGSEND = YES;
				ENABLE_TESTABILITY = YES;
				ENABLE_USER_SCRIPT_SANDBOXING = YES;
				GCC_C_LANGUAGE_STANDARD = gnu17;
				GCC_DYNAMIC_NO_PIC = NO;
				GCC_NO_COMMON_BLOCKS = YES;
				GCC_OPTIMIZATION_LEVEL = 0;
				GCC_PREPROCESSOR_DEFINITIONS = (
					"DEBUG=1",
					"$(inherited)",
				);
				GCC_WARN_64_TO_32_BIT_CONVERSION = YES;
				GCC_WARN_ABOUT_RETURN_TYPE = YES_ERROR;
				GCC_WARN_UNDECLARED_SELECTOR = YES;
				GCC_WARN_UNINITIALIZED_AUTOS = YES_AGGRESSIVE;
				GCC_WARN_UNUSED_FUNCTION = YES;
				GCC_WARN_UNUSED_VARIABLE = YES;
				IPHONEOS_DEPLOYMENT_TARGET = 17.4;
				LOCALIZATION_PREFERS_STRING_CATALOGS = YES;
				MTL_ENABLE_DEBUG_INFO = INCLUDE_SOURCE;
				MTL_FAST_MATH = YES;
				ONLY_ACTIVE_ARCH = YES;
				SDKROOT = iphoneos;
				SWIFT_ACTIVE_COMPILATION_CONDITIONS = "DEBUG $(inherited)";
				SWIFT_OPTIMIZATION_LEVEL = "-Onone";
				SWIFT_STRICT_CONCURRENCY = complete;
			};
			name = Debug;
		};
		841C51BB2C3456A3008C2115 /* Release */ = {
			isa = XCBuildConfiguration;
			buildSettings = {
				ALWAYS_SEARCH_USER_PATHS = NO;
				ASSETCATALOG_COMPILER_GENERATE_SWIFT_ASSET_SYMBOL_EXTENSIONS = YES;
				CLANG_ANALYZER_NONNULL = YES;
				CLANG_ANALYZER_NUMBER_OBJECT_CONVERSION = YES_AGGRESSIVE;
				CLANG_CXX_LANGUAGE_STANDARD = "gnu++20";
				CLANG_ENABLE_MODULES = YES;
				CLANG_ENABLE_OBJC_ARC = YES;
				CLANG_ENABLE_OBJC_WEAK = YES;
				CLANG_WARN_BLOCK_CAPTURE_AUTORELEASING = YES;
				CLANG_WARN_BOOL_CONVERSION = YES;
				CLANG_WARN_COMMA = YES;
				CLANG_WARN_CONSTANT_CONVERSION = YES;
				CLANG_WARN_DEPRECATED_OBJC_IMPLEMENTATIONS = YES;
				CLANG_WARN_DIRECT_OBJC_ISA_USAGE = YES_ERROR;
				CLANG_WARN_DOCUMENTATION_COMMENTS = YES;
				CLANG_WARN_EMPTY_BODY = YES;
				CLANG_WARN_ENUM_CONVERSION = YES;
				CLANG_WARN_INFINITE_RECURSION = YES;
				CLANG_WARN_INT_CONVERSION = YES;
				CLANG_WARN_NON_LITERAL_NULL_CONVERSION = YES;
				CLANG_WARN_OBJC_IMPLICIT_RETAIN_SELF = YES;
				CLANG_WARN_OBJC_LITERAL_CONVERSION = YES;
				CLANG_WARN_OBJC_ROOT_CLASS = YES_ERROR;
				CLANG_WARN_QUOTED_INCLUDE_IN_FRAMEWORK_HEADER = YES;
				CLANG_WARN_RANGE_LOOP_ANALYSIS = YES;
				CLANG_WARN_STRICT_PROTOTYPES = YES;
				CLANG_WARN_SUSPICIOUS_MOVE = YES;
				CLANG_WARN_UNGUARDED_AVAILABILITY = YES_AGGRESSIVE;
				CLANG_WARN_UNREACHABLE_CODE = YES;
				CLANG_WARN__DUPLICATE_METHOD_MATCH = YES;
				COPY_PHASE_STRIP = NO;
				DEBUG_INFORMATION_FORMAT = "dwarf-with-dsym";
				ENABLE_NS_ASSERTIONS = NO;
				ENABLE_STRICT_OBJC_MSGSEND = YES;
				ENABLE_USER_SCRIPT_SANDBOXING = YES;
				GCC_C_LANGUAGE_STANDARD = gnu17;
				GCC_NO_COMMON_BLOCKS = YES;
				GCC_WARN_64_TO_32_BIT_CONVERSION = YES;
				GCC_WARN_ABOUT_RETURN_TYPE = YES_ERROR;
				GCC_WARN_UNDECLARED_SELECTOR = YES;
				GCC_WARN_UNINITIALIZED_AUTOS = YES_AGGRESSIVE;
				GCC_WARN_UNUSED_FUNCTION = YES;
				GCC_WARN_UNUSED_VARIABLE = YES;
				IPHONEOS_DEPLOYMENT_TARGET = 17.4;
				LOCALIZATION_PREFERS_STRING_CATALOGS = YES;
				MTL_ENABLE_DEBUG_INFO = NO;
				MTL_FAST_MATH = YES;
				SDKROOT = iphoneos;
				SWIFT_COMPILATION_MODE = wholemodule;
				SWIFT_STRICT_CONCURRENCY = complete;
				VALIDATE_PRODUCT = YES;
			};
			name = Release;
		};
		841C51BD2C3456A3008C2115 /* Debug */ = {
			isa = XCBuildConfiguration;
			buildSettings = {
				ASSETCATALOG_COMPILER_APPICON_NAME = AppIcon;
				ASSETCATALOG_COMPILER_GLOBAL_ACCENT_COLOR_NAME = AccentColor;
				CODE_SIGN_STYLE = Automatic;
				CURRENT_PROJECT_VERSION = 1;
				DEVELOPMENT_ASSET_PATHS = "\"expenses/Preview Content\"";
				DEVELOPMENT_TEAM = BUV6TS7UB9;
				ENABLE_PREVIEWS = YES;
				GENERATE_INFOPLIST_FILE = YES;
				INFOPLIST_FILE = "";
				INFOPLIST_KEY_NSCameraUsageDescription = "This app needs to capture photo to show them";
				INFOPLIST_KEY_UIApplicationSceneManifest_Generation = YES;
				INFOPLIST_KEY_UIApplicationSupportsIndirectInputEvents = YES;
				INFOPLIST_KEY_UILaunchScreen_Generation = YES;
				INFOPLIST_KEY_UISupportedInterfaceOrientations_iPad = "UIInterfaceOrientationPortrait UIInterfaceOrientationPortraitUpsideDown UIInterfaceOrientationLandscapeLeft UIInterfaceOrientationLandscapeRight";
				INFOPLIST_KEY_UISupportedInterfaceOrientations_iPhone = "UIInterfaceOrientationPortrait UIInterfaceOrientationLandscapeLeft UIInterfaceOrientationLandscapeRight";
				LD_RUNPATH_SEARCH_PATHS = (
					"$(inherited)",
					"@executable_path/Frameworks",
				);
				MARKETING_VERSION = 1.0;
				PRODUCT_BUNDLE_IDENTIFIER = com.economics.expenses11;
				PRODUCT_NAME = "$(TARGET_NAME)";
				SWIFT_EMIT_LOC_STRINGS = YES;
				SWIFT_STRICT_CONCURRENCY = complete;
				SWIFT_VERSION = 5.0;
				TARGETED_DEVICE_FAMILY = "1,2";
			};
			name = Debug;
		};
		841C51BE2C3456A3008C2115 /* Release */ = {
			isa = XCBuildConfiguration;
			buildSettings = {
				ASSETCATALOG_COMPILER_APPICON_NAME = AppIcon;
				ASSETCATALOG_COMPILER_GLOBAL_ACCENT_COLOR_NAME = AccentColor;
				CODE_SIGN_STYLE = Automatic;
				CURRENT_PROJECT_VERSION = 1;
				DEVELOPMENT_ASSET_PATHS = "\"expenses/Preview Content\"";
				DEVELOPMENT_TEAM = BUV6TS7UB9;
				ENABLE_PREVIEWS = YES;
				GENERATE_INFOPLIST_FILE = YES;
				INFOPLIST_FILE = "";
				INFOPLIST_KEY_NSCameraUsageDescription = "This app needs to capture photo to show them";
				INFOPLIST_KEY_UIApplicationSceneManifest_Generation = YES;
				INFOPLIST_KEY_UIApplicationSupportsIndirectInputEvents = YES;
				INFOPLIST_KEY_UILaunchScreen_Generation = YES;
				INFOPLIST_KEY_UISupportedInterfaceOrientations_iPad = "UIInterfaceOrientationPortrait UIInterfaceOrientationPortraitUpsideDown UIInterfaceOrientationLandscapeLeft UIInterfaceOrientationLandscapeRight";
				INFOPLIST_KEY_UISupportedInterfaceOrientations_iPhone = "UIInterfaceOrientationPortrait UIInterfaceOrientationLandscapeLeft UIInterfaceOrientationLandscapeRight";
				LD_RUNPATH_SEARCH_PATHS = (
					"$(inherited)",
					"@executable_path/Frameworks",
				);
				MARKETING_VERSION = 1.0;
				PRODUCT_BUNDLE_IDENTIFIER = com.economics.expenses11;
				PRODUCT_NAME = "$(TARGET_NAME)";
				SWIFT_EMIT_LOC_STRINGS = YES;
				SWIFT_STRICT_CONCURRENCY = complete;
				SWIFT_VERSION = 5.0;
				TARGETED_DEVICE_FAMILY = "1,2";
			};
			name = Release;
		};
		841C51C02C3456A3008C2115 /* Debug */ = {
			isa = XCBuildConfiguration;
			buildSettings = {
				ALWAYS_EMBED_SWIFT_STANDARD_LIBRARIES = YES;
				BUNDLE_LOADER = "$(TEST_HOST)";
				CODE_SIGN_STYLE = Automatic;
				CURRENT_PROJECT_VERSION = 1;
				GENERATE_INFOPLIST_FILE = YES;
				IPHONEOS_DEPLOYMENT_TARGET = 17.4;
				MARKETING_VERSION = 1.0;
				PRODUCT_BUNDLE_IDENTIFIER = com.economics.expensesTests;
				PRODUCT_NAME = "$(TARGET_NAME)";
				SWIFT_EMIT_LOC_STRINGS = NO;
				SWIFT_STRICT_CONCURRENCY = complete;
				SWIFT_VERSION = 5.0;
				TARGETED_DEVICE_FAMILY = "1,2";
				TEST_HOST = "$(BUILT_PRODUCTS_DIR)/expenses.app/$(BUNDLE_EXECUTABLE_FOLDER_PATH)/expenses";
			};
			name = Debug;
		};
		841C51C12C3456A3008C2115 /* Release */ = {
			isa = XCBuildConfiguration;
			buildSettings = {
				ALWAYS_EMBED_SWIFT_STANDARD_LIBRARIES = YES;
				BUNDLE_LOADER = "$(TEST_HOST)";
				CODE_SIGN_STYLE = Automatic;
				CURRENT_PROJECT_VERSION = 1;
				GENERATE_INFOPLIST_FILE = YES;
				IPHONEOS_DEPLOYMENT_TARGET = 17.4;
				MARKETING_VERSION = 1.0;
				PRODUCT_BUNDLE_IDENTIFIER = com.economics.expensesTests;
				PRODUCT_NAME = "$(TARGET_NAME)";
				SWIFT_EMIT_LOC_STRINGS = NO;
				SWIFT_STRICT_CONCURRENCY = complete;
				SWIFT_VERSION = 5.0;
				TARGETED_DEVICE_FAMILY = "1,2";
				TEST_HOST = "$(BUILT_PRODUCTS_DIR)/expenses.app/$(BUNDLE_EXECUTABLE_FOLDER_PATH)/expenses";
			};
			name = Release;
		};
		841C51C32C3456A3008C2115 /* Debug */ = {
			isa = XCBuildConfiguration;
			buildSettings = {
				ALWAYS_EMBED_SWIFT_STANDARD_LIBRARIES = YES;
				CODE_SIGN_STYLE = Automatic;
				CURRENT_PROJECT_VERSION = 1;
				GENERATE_INFOPLIST_FILE = YES;
				MARKETING_VERSION = 1.0;
				PRODUCT_BUNDLE_IDENTIFIER = com.economics.expensesUITests;
				PRODUCT_NAME = "$(TARGET_NAME)";
				SWIFT_EMIT_LOC_STRINGS = NO;
				SWIFT_VERSION = 5.0;
				TARGETED_DEVICE_FAMILY = "1,2";
				TEST_TARGET_NAME = expenses;
			};
			name = Debug;
		};
		841C51C42C3456A3008C2115 /* Release */ = {
			isa = XCBuildConfiguration;
			buildSettings = {
				ALWAYS_EMBED_SWIFT_STANDARD_LIBRARIES = YES;
				CODE_SIGN_STYLE = Automatic;
				CURRENT_PROJECT_VERSION = 1;
				GENERATE_INFOPLIST_FILE = YES;
				MARKETING_VERSION = 1.0;
				PRODUCT_BUNDLE_IDENTIFIER = com.economics.expensesUITests;
				PRODUCT_NAME = "$(TARGET_NAME)";
				SWIFT_EMIT_LOC_STRINGS = NO;
				SWIFT_VERSION = 5.0;
				TARGETED_DEVICE_FAMILY = "1,2";
				TEST_TARGET_NAME = expenses;
			};
			name = Release;
		};
/* End XCBuildConfiguration section */

/* Begin XCConfigurationList section */
		841C51912C3456A1008C2115 /* Build configuration list for PBXProject "expenses" */ = {
			isa = XCConfigurationList;
			buildConfigurations = (
				841C51BA2C3456A3008C2115 /* Debug */,
				841C51BB2C3456A3008C2115 /* Release */,
			);
			defaultConfigurationIsVisible = 0;
			defaultConfigurationName = Release;
		};
		841C51BC2C3456A3008C2115 /* Build configuration list for PBXNativeTarget "expenses" */ = {
			isa = XCConfigurationList;
			buildConfigurations = (
				841C51BD2C3456A3008C2115 /* Debug */,
				841C51BE2C3456A3008C2115 /* Release */,
			);
			defaultConfigurationIsVisible = 0;
			defaultConfigurationName = Release;
		};
		841C51BF2C3456A3008C2115 /* Build configuration list for PBXNativeTarget "expensesTests" */ = {
			isa = XCConfigurationList;
			buildConfigurations = (
				841C51C02C3456A3008C2115 /* Debug */,
				841C51C12C3456A3008C2115 /* Release */,
			);
			defaultConfigurationIsVisible = 0;
			defaultConfigurationName = Release;
		};
		841C51C22C3456A3008C2115 /* Build configuration list for PBXNativeTarget "expensesUITests" */ = {
			isa = XCConfigurationList;
			buildConfigurations = (
				841C51C32C3456A3008C2115 /* Debug */,
				841C51C42C3456A3008C2115 /* Release */,
			);
			defaultConfigurationIsVisible = 0;
			defaultConfigurationName = Release;
		};
/* End XCConfigurationList section */
	};
	rootObject = 841C518E2C3456A1008C2115 /* Project object */;
}
